// !$*UTF8*$!
{
	archiveVersion = 1;
	classes = {
	};
	objectVersion = 77;
	objects = {

/* Begin PBXBuildFile section */
		EC2A10062FC3900600504DF9 /* PursefulWidgets.appex in Embed Foundation Extensions */ = {isa = PBXBuildFile; fileRef = EC2A10012FC3900100504DF9 /* PursefulWidgets.appex */; settings = {ATTRIBUTES = (RemoveHeadersOnCopy, ); }; };
/* End PBXBuildFile section */

/* Begin PBXContainerItemProxy section */
		EC2A10092FC3900900504DF9 /* PBXContainerItemProxy */ = {
			isa = PBXContainerItemProxy;
			containerPortal = EC1D8E322FC38E1E00504DF9 /* Project object */;
			proxyType = 1;
			remoteGlobalIDString = EC2A100A2FC3900A00504DF9;
			remoteInfo = PursefulWidgets;
		};
		EC2A100B2FC3900B00504DF9 /* PBXContainerItemProxy */ = {
			isa = PBXContainerItemProxy;
			containerPortal = EC1D8E322FC38E1E00504DF9 /* Project object */;
			proxyType = 1;
			remoteGlobalIDString = EC2A100C2FC3900C00504DF9;
			remoteInfo = "purseful-iosTests";
		};
/* End PBXContainerItemProxy section */

/* Begin PBXCopyFilesBuildPhase section */
		EC2A10052FC3900500504DF9 /* Embed Foundation Extensions */ = {
			isa = PBXCopyFilesBuildPhase;
			buildActionMask = 2147483647;
			dstPath = "";
			dstSubfolderSpec = 13;
			files = (
				EC2A10062FC3900600504DF9 /* PursefulWidgets.appex in Embed Foundation Extensions */,
			);
			name = "Embed Foundation Extensions";
			runOnlyForDeploymentPostprocessing = 0;
		};
/* End PBXCopyFilesBuildPhase section */

/* Begin PBXFileReference section */
		EC1D8E3A2FC38E1E00504DF9 /* purseful-ios.app */ = {isa = PBXFileReference; explicitFileType = wrapper.application; includeInIndex = 0; path = "purseful-ios.app"; sourceTree = BUILT_PRODUCTS_DIR; };
		EC2A10012FC3900100504DF9 /* PursefulWidgets.appex */ = {isa = PBXFileReference; explicitFileType = "wrapper.app-extension"; includeInIndex = 0; path = PursefulWidgets.appex; sourceTree = BUILT_PRODUCTS_DIR; };
		EC2A10022FC3900200504DF9 /* purseful-iosTests.xctest */ = {isa = PBXFileReference; explicitFileType = wrapper.cfbundle; includeInIndex = 0; path = "purseful-iosTests.xctest"; sourceTree = BUILT_PRODUCTS_DIR; };
/* End PBXFileReference section */

/* Begin PBXFileSystemSynchronizedBuildFileExceptionSet section */
		EC2A10192FC3901900504DF9 /* Exceptions for "PursefulWidgets" folder in "PursefulWidgets" target */ = {
			isa = PBXFileSystemSynchronizedBuildFileExceptionSet;
			membershipExceptions = (
				Info.plist,
			);
			target = EC2A100A2FC3900A00504DF9 /* PursefulWidgets */;
		};
/* End PBXFileSystemSynchronizedBuildFileExceptionSet section */

/* Begin PBXFileSystemSynchronizedRootGroup section */
		EC1D8E3C2FC38E1E00504DF9 /* purseful-ios */ = {
			isa = PBXFileSystemSynchronizedRootGroup;
			path = "purseful-ios";
			sourceTree = "<group>";
		};
		EC2A10032FC3900300504DF9 /* PursefulWidgets */ = {
			isa = PBXFileSystemSynchronizedRootGroup;
			exceptions = (
				EC2A10192FC3901900504DF9 /* Exceptions for "PursefulWidgets" folder in "PursefulWidgets" target */,
			);
			path = PursefulWidgets;
			sourceTree = "<group>";
		};
		EC2A10042FC3900400504DF9 /* purseful-iosTests */ = {
			isa = PBXFileSystemSynchronizedRootGroup;
			path = "purseful-iosTests";
			sourceTree = "<group>";
		};
/* End PBXFileSystemSynchronizedRootGroup section */

/* Begin PBXFrameworksBuildPhase section */
		EC1D8E372FC38E1E00504DF9 /* Frameworks */ = {
			isa = PBXFrameworksBuildPhase;
			buildActionMask = 2147483647;
			files = (
			);
			runOnlyForDeploymentPostprocessing = 0;
		};
		EC2A10072FC3900700504DF9 /* Frameworks */ = {
			isa = PBXFrameworksBuildPhase;
			buildActionMask = 2147483647;
			files = (
			);
			runOnlyForDeploymentPostprocessing = 0;
		};
		EC2A10082FC3900800504DF9 /* Frameworks */ = {
			isa = PBXFrameworksBuildPhase;
			buildActionMask = 2147483647;
			files = (
			);
			runOnlyForDeploymentPostprocessing = 0;
		};
/* End PBXFrameworksBuildPhase section */

/* Begin PBXGroup section */
		EC1D8E312FC38E1E00504DF9 = {
			isa = PBXGroup;
			children = (
				EC1D8E3C2FC38E1E00504DF9 /* purseful-ios */,
				EC2A10032FC3900300504DF9 /* PursefulWidgets */,
				EC2A10042FC3900400504DF9 /* purseful-iosTests */,
				EC1D8E3B2FC38E1E00504DF9 /* Products */,
			);
			sourceTree = "<group>";
		};
		EC1D8E3B2FC38E1E00504DF9 /* Products */ = {
			isa = PBXGroup;
			children = (
				EC1D8E3A2FC38E1E00504DF9 /* purseful-ios.app */,
				EC2A10012FC3900100504DF9 /* PursefulWidgets.appex */,
				EC2A10022FC3900200504DF9 /* purseful-iosTests.xctest */,
			);
			name = Products;
			sourceTree = "<group>";
		};
/* End PBXGroup section */

/* Begin PBXNativeTarget section */
		EC1D8E392FC38E1E00504DF9 /* purseful-ios */ = {
			isa = PBXNativeTarget;
			buildConfigurationList = EC1D8E452FC38E2200504DF9 /* Build configuration list for PBXNativeTarget "purseful-ios" */;
			buildPhases = (
				EC1D8E362FC38E1E00504DF9 /* Sources */,
				EC1D8E372FC38E1E00504DF9 /* Frameworks */,
				EC1D8E382FC38E1E00504DF9 /* Resources */,
				EC2A10052FC3900500504DF9 /* Embed Foundation Extensions */,
			);
			buildRules = (
			);
			dependencies = (
				EC2A100D2FC3900D00504DF9 /* PBXTargetDependency */,
			);
			fileSystemSynchronizedGroups = (
				EC1D8E3C2FC38E1E00504DF9 /* purseful-ios */,
			);
			name = "purseful-ios";
			packageProductDependencies = (
			);
			productName = "purseful-ios";
			productReference = EC1D8E3A2FC38E1E00504DF9 /* purseful-ios.app */;
			productType = "com.apple.product-type.application";
		};
		EC2A100A2FC3900A00504DF9 /* PursefulWidgets */ = {
			isa = PBXNativeTarget;
			buildConfigurationList = EC2A10102FC3901000504DF9 /* Build configuration list for PBXNativeTarget "PursefulWidgets" */;
			buildPhases = (
				EC2A100E2FC3900E00504DF9 /* Sources */,
				EC2A10072FC3900700504DF9 /* Frameworks */,
				EC2A100F2FC3900F00504DF9 /* Resources */,
			);
			buildRules = (
			);
			dependencies = (
			);
			fileSystemSynchronizedGroups = (
				EC2A10032FC3900300504DF9 /* PursefulWidgets */,
			);
			name = PursefulWidgets;
			packageProductDependencies = (
			);
			productName = PursefulWidgets;
			productReference = EC2A10012FC3900100504DF9 /* PursefulWidgets.appex */;
			productType = "com.apple.product-type.app-extension";
		};
		EC2A100C2FC3900C00504DF9 /* purseful-iosTests */ = {
			isa = PBXNativeTarget;
			buildConfigurationList = EC2A10112FC3901100504DF9 /* Build configuration list for PBXNativeTarget "purseful-iosTests" */;
			buildPhases = (
				EC2A10122FC3901200504DF9 /* Sources */,
				EC2A10082FC3900800504DF9 /* Frameworks */,
				EC2A10132FC3901300504DF9 /* Resources */,
			);
			buildRules = (
			);
			dependencies = (
				EC2A10142FC3901400504DF9 /* PBXTargetDependency */,
			);
			fileSystemSynchronizedGroups = (
				EC2A10042FC3900400504DF9 /* purseful-iosTests */,
			);
			name = "purseful-iosTests";
			packageProductDependencies = (
			);
			productName = "purseful-iosTests";
			productReference = EC2A10022FC3900200504DF9 /* purseful-iosTests.xctest */;
			productType = "com.apple.product-type.bundle.unit-test";
		};
/* End PBXNativeTarget section */

/* Begin PBXProject section */
		EC1D8E322FC38E1E00504DF9 /* Project object */ = {
			isa = PBXProject;
			attributes = {
				BuildIndependentTargetsInParallel = 1;
				LastSwiftUpdateCheck = 2630;
				LastUpgradeCheck = 2630;
				TargetAttributes = {
					EC1D8E392FC38E1E00504DF9 = {
						CreatedOnToolsVersion = 26.3;
					};
				};
			};
			buildConfigurationList = EC1D8E352FC38E1E00504DF9 /* Build configuration list for PBXProject "purseful-ios" */;
			developmentRegion = en;
			hasScannedForEncodings = 0;
			knownRegions = (
				en,
				Base,
			);
			mainGroup = EC1D8E312FC38E1E00504DF9;
			minimizedProjectReferenceProxies = 1;
			preferredProjectObjectVersion = 77;
			productRefGroup = EC1D8E3B2FC38E1E00504DF9 /* Products */;
			projectDirPath = "";
			projectRoot = "";
			targets = (
				EC1D8E392FC38E1E00504DF9 /* purseful-ios */,
				EC2A100A2FC3900A00504DF9 /* PursefulWidgets */,
				EC2A100C2FC3900C00504DF9 /* purseful-iosTests */,
			);
		};
/* End PBXProject section */

/* Begin PBXResourcesBuildPhase section */
		EC1D8E382FC38E1E00504DF9 /* Resources */ = {
			isa = PBXResourcesBuildPhase;
			buildActionMask = 2147483647;
			files = (
			);
			runOnlyForDeploymentPostprocessing = 0;
		};
		EC2A100F2FC3900F00504DF9 /* Resources */ = {
			isa = PBXResourcesBuildPhase;
			buildActionMask = 2147483647;
			files = (
			);
			runOnlyForDeploymentPostprocessing = 0;
		};
		EC2A10132FC3901300504DF9 /* Resources */ = {
			isa = PBXResourcesBuildPhase;
			buildActionMask = 2147483647;
			files = (
			);
			runOnlyForDeploymentPostprocessing = 0;
		};
/* End PBXResourcesBuildPhase section */

/* Begin PBXSourcesBuildPhase section */
		EC1D8E362FC38E1E00504DF9 /* Sources */ = {
			isa = PBXSourcesBuildPhase;
			buildActionMask = 2147483647;
			files = (
			);
			runOnlyForDeploymentPostprocessing = 0;
		};
		EC2A100E2FC3900E00504DF9 /* Sources */ = {
			isa = PBXSourcesBuildPhase;
			buildActionMask = 2147483647;
			files = (
			);
			runOnlyForDeploymentPostprocessing = 0;
		};
		EC2A10122FC3901200504DF9 /* Sources */ = {
			isa = PBXSourcesBuildPhase;
			buildActionMask = 2147483647;
			files = (
			);
			runOnlyForDeploymentPostprocessing = 0;
		};
/* End PBXSourcesBuildPhase section */

/* Begin PBXTargetDependency section */
		EC2A100D2FC3900D00504DF9 /* PBXTargetDependency */ = {
			isa = PBXTargetDependency;
			target = EC2A100A2FC3900A00504DF9 /* PursefulWidgets */;
			targetProxy = EC2A10092FC3900900504DF9 /* PBXContainerItemProxy */;
		};
		EC2A10142FC3901400504DF9 /* PBXTargetDependency */ = {
			isa = PBXTargetDependency;
			target = EC2A100C2FC3900C00504DF9 /* purseful-iosTests */;
			targetProxy = EC2A100B2FC3900B00504DF9 /* PBXContainerItemProxy */;
		};
/* End PBXTargetDependency section */

/* Begin XCBuildConfiguration section */
		EC1D8E432FC38E2200504DF9 /* Debug */ = {
			isa = XCBuildConfiguration;
			buildSettings = {
				ALWAYS_SEARCH_USER_PATHS = NO;
				ASSETCATALOG_COMPILER_GENERATE_SWIFT_ASSET_SYMBOL_EXTENSIONS = YES;
				CLANG_ANALYZER_NONNULL = YES;
				CLANG_ANALYZER_NUMBER_OBJECT_CONVERSION = YES_AGGRESSIVE;
				CLANG_CXX_LANGUAGE_STANDARD = "gnu++20";
				CLANG_ENABLE_MODULES = YES;
				CLANG_ENABLE_OBJC_ARC = YES;
				CLANG_ENABLE_OBJC_WEAK = YES;
				CLANG_WARN_BLOCK_CAPTURE_AUTORELEASING = YES;
				CLANG_WARN_BOOL_CONVERSION = YES;
				CLANG_WARN_COMMA = YES;
				CLANG_WARN_CONSTANT_CONVERSION = YES;
				CLANG_WARN_DEPRECATED_OBJC_IMPLEMENTATIONS = YES;
				CLANG_WARN_DIRECT_OBJC_ISA_USAGE = YES_ERROR;
				CLANG_WARN_DOCUMENTATION_COMMENTS = YES;
				CLANG_WARN_EMPTY_BODY = YES;
				CLANG_WARN_ENUM_CONVERSION = YES;
				CLANG_WARN_INFINITE_RECURSION = YES;
				CLANG_WARN_INT_CONVERSION = YES;
				CLANG_WARN_NON_LITERAL_NULL_CONVERSION = YES;
				CLANG_WARN_OBJC_IMPLICIT_RETAIN_SELF = YES;
				CLANG_WARN_OBJC_LITERAL_CONVERSION = YES;
				CLANG_WARN_OBJC_ROOT_CLASS = YES_ERROR;
				CLANG_WARN_QUOTED_INCLUDE_IN_FRAMEWORK_HEADER = YES;
				CLANG_WARN_RANGE_LOOP_ANALYSIS = YES;
				CLANG_WARN_STRICT_PROTOTYPES = YES;
				CLANG_WARN_SUSPICIOUS_MOVE = YES;
				CLANG_WARN_UNGUARDED_AVAILABILITY = YES_AGGRESSIVE;
				CLANG_WARN_UNREACHABLE_CODE = YES;
				CLANG_WARN__DUPLICATE_METHOD_MATCH = YES;
				COPY_PHASE_STRIP = NO;
				DEBUG_INFORMATION_FORMAT = dwarf;
				DEVELOPMENT_TEAM = AW9Z462NX3;
				ENABLE_STRICT_OBJC_MSGSEND = YES;
				ENABLE_TESTABILITY = YES;
				ENABLE_USER_SCRIPT_SANDBOXING = YES;
				GCC_C_LANGUAGE_STANDARD = gnu17;
				GCC_DYNAMIC_NO_PIC = NO;
				GCC_NO_COMMON_BLOCKS = YES;
				GCC_OPTIMIZATION_LEVEL = 0;
				GCC_PREPROCESSOR_DEFINITIONS = (
					"DEBUG=1",
					"$(inherited)",
				);
				GCC_WARN_64_TO_32_BIT_CONVERSION = YES;
				GCC_WARN_ABOUT_RETURN_TYPE = YES_ERROR;
				GCC_WARN_UNDECLARED_SELECTOR = YES;
				GCC_WARN_UNINITIALIZED_AUTOS = YES_AGGRESSIVE;
				GCC_WARN_UNUSED_FUNCTION = YES;
				GCC_WARN_UNUSED_VARIABLE = YES;
				IPHONEOS_DEPLOYMENT_TARGET = 26.0;
				LOCALIZATION_PREFERS_STRING_CATALOGS = YES;
				MTL_ENABLE_DEBUG_INFO = INCLUDE_SOURCE;
				MTL_FAST_MATH = YES;
				ONLY_ACTIVE_ARCH = YES;
				SDKROOT = iphoneos;
				SWIFT_ACTIVE_COMPILATION_CONDITIONS = "DEBUG $(inherited)";
				SWIFT_OPTIMIZATION_LEVEL = "-Onone";
			};
			name = Debug;
		};
		EC1D8E442FC38E2200504DF9 /* Release */ = {
			isa = XCBuildConfiguration;
			buildSettings = {
				ALWAYS_SEARCH_USER_PATHS = NO;
				ASSETCATALOG_COMPILER_GENERATE_SWIFT_ASSET_SYMBOL_EXTENSIONS = YES;
				CLANG_ANALYZER_NONNULL = YES;
				CLANG_ANALYZER_NUMBER_OBJECT_CONVERSION = YES_AGGRESSIVE;
				CLANG_CXX_LANGUAGE_STANDARD = "gnu++20";
				CLANG_ENABLE_MODULES = YES;
				CLANG_ENABLE_OBJC_ARC = YES;
				CLANG_ENABLE_OBJC_WEAK = YES;
				CLANG_WARN_BLOCK_CAPTURE_AUTORELEASING = YES;
				CLANG_WARN_BOOL_CONVERSION = YES;
				CLANG_WARN_COMMA = YES;
				CLANG_WARN_CONSTANT_CONVERSION = YES;
				CLANG_WARN_DEPRECATED_OBJC_IMPLEMENTATIONS = YES;
				CLANG_WARN_DIRECT_OBJC_ISA_USAGE = YES_ERROR;
				CLANG_WARN_DOCUMENTATION_COMMENTS = YES;
				CLANG_WARN_EMPTY_BODY = YES;
				CLANG_WARN_ENUM_CONVERSION = YES;
				CLANG_WARN_INFINITE_RECURSION = YES;
				CLANG_WARN_INT_CONVERSION = YES;
				CLANG_WARN_NON_LITERAL_NULL_CONVERSION = YES;
				CLANG_WARN_OBJC_IMPLICIT_RETAIN_SELF = YES;
				CLANG_WARN_OBJC_LITERAL_CONVERSION = YES;
				CLANG_WARN_OBJC_ROOT_CLASS = YES_ERROR;
				CLANG_WARN_QUOTED_INCLUDE_IN_FRAMEWORK_HEADER = YES;
				CLANG_WARN_RANGE_LOOP_ANALYSIS = YES;
				CLANG_WARN_STRICT_PROTOTYPES = YES;
				CLANG_WARN_SUSPICIOUS_MOVE = YES;
				CLANG_WARN_UNGUARDED_AVAILABILITY = YES_AGGRESSIVE;
				CLANG_WARN_UNREACHABLE_CODE = YES;
				CLANG_WARN__DUPLICATE_METHOD_MATCH = YES;
				COPY_PHASE_STRIP = NO;
				DEBUG_INFORMATION_FORMAT = "dwarf-with-dsym";
				DEVELOPMENT_TEAM = AW9Z462NX3;
				ENABLE_NS_ASSERTIONS = NO;
				ENABLE_STRICT_OBJC_MSGSEND = YES;
				ENABLE_USER_SCRIPT_SANDBOXING = YES;
				GCC_C_LANGUAGE_STANDARD = gnu17;
				GCC_NO_COMMON_BLOCKS = YES;
				GCC_WARN_64_TO_32_BIT_CONVERSION = YES;
				GCC_WARN_ABOUT_RETURN_TYPE = YES_ERROR;
				GCC_WARN_UNDECLARED_SELECTOR = YES;
				GCC_WARN_UNINITIALIZED_AUTOS = YES_AGGRESSIVE;
				GCC_WARN_UNUSED_FUNCTION = YES;
				GCC_WARN_UNUSED_VARIABLE = YES;
				IPHONEOS_DEPLOYMENT_TARGET = 26.0;
				LOCALIZATION_PREFERS_STRING_CATALOGS = YES;
				MTL_ENABLE_DEBUG_INFO = NO;
				MTL_FAST_MATH = YES;
				SDKROOT = iphoneos;
				SWIFT_COMPILATION_MODE = wholemodule;
				VALIDATE_PRODUCT = YES;
			};
			name = Release;
		};
		EC1D8E462FC38E2200504DF9 /* Debug */ = {
			isa = XCBuildConfiguration;
			buildSettings = {
				ASSETCATALOG_COMPILER_APPICON_NAME = Purseful;
				ASSETCATALOG_COMPILER_GLOBAL_ACCENT_COLOR_NAME = AccentColor;
				CODE_SIGN_ENTITLEMENTS = "purseful-ios/purseful-ios.entitlements";
				CODE_SIGN_STYLE = Automatic;
				CURRENT_PROJECT_VERSION = 2;
				DEVELOPMENT_TEAM = AW9Z462NX3;
				ENABLE_PREVIEWS = YES;
				GENERATE_INFOPLIST_FILE = YES;
				INFOPLIST_KEY_CFBundleDisplayName = Purseful;
				INFOPLIST_KEY_CFBundleURLTypes = "{\n    CFBundleURLName = \"dev.imflawlezz.purseful-ios\";\n    CFBundleURLSchemes =     (\n        purseful\n    );\n}";
				INFOPLIST_KEY_NSCameraUsageDescription = "Purseful uses the camera to scan receipts for expense entry.";
				INFOPLIST_KEY_UIApplicationSceneManifest_Generation = YES;
				INFOPLIST_KEY_UIApplicationSupportsIndirectInputEvents = YES;
				INFOPLIST_KEY_UILaunchScreen_Generation = YES;
				INFOPLIST_KEY_UISupportedInterfaceOrientations_iPad = "UIInterfaceOrientationPortrait UIInterfaceOrientationPortraitUpsideDown UIInterfaceOrientationLandscapeLeft UIInterfaceOrientationLandscapeRight";
				INFOPLIST_KEY_UISupportedInterfaceOrientations_iPhone = "UIInterfaceOrientationPortrait UIInterfaceOrientationLandscapeLeft UIInterfaceOrientationLandscapeRight";
				IPHONEOS_DEPLOYMENT_TARGET = 26.0;
				LD_RUNPATH_SEARCH_PATHS = (
					"$(inherited)",
					"@executable_path/Frameworks",
				);
				MARKETING_VERSION = 1.1.0;
				PRODUCT_BUNDLE_IDENTIFIER = "dev.imflawlezz.purseful-ios";
				PRODUCT_NAME = "$(TARGET_NAME)";
				STRING_CATALOG_GENERATE_SYMBOLS = YES;
				SWIFT_APPROACHABLE_CONCURRENCY = YES;
				SWIFT_DEFAULT_ACTOR_ISOLATION = MainActor;
				SWIFT_EMIT_LOC_STRINGS = YES;
				SWIFT_UPCOMING_FEATURE_MEMBER_IMPORT_VISIBILITY = YES;
				SWIFT_VERSION = 5.0;
				TARGETED_DEVICE_FAMILY = "1,2";
			};
			name = Debug;
		};
		EC1D8E472FC38E2200504DF9 /* Release */ = {
			isa = XCBuildConfiguration;
			buildSettings = {
				ASSETCATALOG_COMPILER_APPICON_NAME = Purseful;
				ASSETCATALOG_COMPILER_GLOBAL_ACCENT_COLOR_NAME = AccentColor;
				CODE_SIGN_ENTITLEMENTS = "purseful-ios/purseful-ios.entitlements";
				CODE_SIGN_STYLE = Automatic;
				CURRENT_PROJECT_VERSION = 2;
				DEVELOPMENT_TEAM = AW9Z462NX3;
				ENABLE_PREVIEWS = YES;
				GENERATE_INFOPLIST_FILE = YES;
				INFOPLIST_KEY_CFBundleDisplayName = Purseful;
				INFOPLIST_KEY_CFBundleURLTypes = "{\n    CFBundleURLName = \"dev.imflawlezz.purseful-ios\";\n    CFBundleURLSchemes =     (\n        purseful\n    );\n}";
				INFOPLIST_KEY_NSCameraUsageDescription = "Purseful uses the camera to scan receipts for expense entry.";
				INFOPLIST_KEY_UIApplicationSceneManifest_Generation = YES;
				INFOPLIST_KEY_UIApplicationSupportsIndirectInputEvents = YES;
				INFOPLIST_KEY_UILaunchScreen_Generation = YES;
				INFOPLIST_KEY_UISupportedInterfaceOrientations_iPad = "UIInterfaceOrientationPortrait UIInterfaceOrientationPortraitUpsideDown UIInterfaceOrientationLandscapeLeft UIInterfaceOrientationLandscapeRight";
				INFOPLIST_KEY_UISupportedInterfaceOrientations_iPhone = "UIInterfaceOrientationPortrait UIInterfaceOrientationLandscapeLeft UIInterfaceOrientationLandscapeRight";
				IPHONEOS_DEPLOYMENT_TARGET = 26.0;
				LD_RUNPATH_SEARCH_PATHS = (
					"$(inherited)",
					"@executable_path/Frameworks",
				);
				MARKETING_VERSION = 1.1.0;
				PRODUCT_BUNDLE_IDENTIFIER = "dev.imflawlezz.purseful-ios";
				PRODUCT_NAME = "$(TARGET_NAME)";
				STRING_CATALOG_GENERATE_SYMBOLS = YES;
				SWIFT_APPROACHABLE_CONCURRENCY = YES;
				SWIFT_DEFAULT_ACTOR_ISOLATION = MainActor;
				SWIFT_EMIT_LOC_STRINGS = YES;
				SWIFT_UPCOMING_FEATURE_MEMBER_IMPORT_VISIBILITY = YES;
				SWIFT_VERSION = 5.0;
				TARGETED_DEVICE_FAMILY = "1,2";
			};
			name = Release;
		};
		EC2A10152FC3901500504DF9 /* Debug */ = {
			isa = XCBuildConfiguration;
			buildSettings = {
				CODE_SIGN_ENTITLEMENTS = PursefulWidgets/PursefulWidgets.entitlements;
				CODE_SIGN_STYLE = Automatic;
				CURRENT_PROJECT_VERSION = 2;
				DEVELOPMENT_TEAM = AW9Z462NX3;
				GENERATE_INFOPLIST_FILE = NO;
				INFOPLIST_FILE = PursefulWidgets/Info.plist;
				IPHONEOS_DEPLOYMENT_TARGET = 26.0;
				LD_RUNPATH_SEARCH_PATHS = (
					"$(inherited)",
					"@executable_path/Frameworks",
					"@executable_path/../../Frameworks",
				);
				MARKETING_VERSION = 1.1.0;
				PRODUCT_BUNDLE_IDENTIFIER = "dev.imflawlezz.purseful-ios.widgets";
				PRODUCT_NAME = "$(TARGET_NAME)";
				SKIP_INSTALL = YES;
				SWIFT_EMIT_LOC_STRINGS = YES;
				SWIFT_VERSION = 5.0;
				TARGETED_DEVICE_FAMILY = "1,2";
			};
			name = Debug;
		};
		EC2A10162FC3901600504DF9 /* Release */ = {
			isa = XCBuildConfiguration;
			buildSettings = {
				CODE_SIGN_ENTITLEMENTS = PursefulWidgets/PursefulWidgets.entitlements;
				CODE_SIGN_STYLE = Automatic;
				CURRENT_PROJECT_VERSION = 2;
				DEVELOPMENT_TEAM = AW9Z462NX3;
				GENERATE_INFOPLIST_FILE = NO;
				INFOPLIST_FILE = PursefulWidgets/Info.plist;
				IPHONEOS_DEPLOYMENT_TARGET = 26.0;
				LD_RUNPATH_SEARCH_PATHS = (
					"$(inherited)",
					"@executable_path/Frameworks",
					"@executable_path/../../Frameworks",
				);
				MARKETING_VERSION = 1.1.0;
				PRODUCT_BUNDLE_IDENTIFIER = "dev.imflawlezz.purseful-ios.widgets";
				PRODUCT_NAME = "$(TARGET_NAME)";
				SKIP_INSTALL = YES;
				SWIFT_EMIT_LOC_STRINGS = YES;
				SWIFT_VERSION = 5.0;
				TARGETED_DEVICE_FAMILY = "1,2";
			};
			name = Release;
		};
		EC2A10172FC3901700504DF9 /* Debug */ = {
			isa = XCBuildConfiguration;
			buildSettings = {
				BUNDLE_LOADER = "$(TEST_HOST)";
				CODE_SIGN_STYLE = Automatic;
				CURRENT_PROJECT_VERSION = 1;
				DEVELOPMENT_TEAM = AW9Z462NX3;
				GENERATE_INFOPLIST_FILE = YES;
				IPHONEOS_DEPLOYMENT_TARGET = 26.0;
				MARKETING_VERSION = 1.1.0;
				PRODUCT_BUNDLE_IDENTIFIER = "dev.imflawlezz.purseful-iosTests";
				PRODUCT_NAME = "$(TARGET_NAME)";
				SWIFT_EMIT_LOC_STRINGS = NO;
				SWIFT_VERSION = 5.0;
				TARGETED_DEVICE_FAMILY = "1,2";
				TEST_HOST = "$(BUILT_PRODUCTS_DIR)/purseful-ios.app/$(BUNDLE_EXECUTABLE_FOLDER_PATH)/purseful-ios";
			};
			name = Debug;
		};
		EC2A10182FC3901800504DF9 /* Release */ = {
			isa = XCBuildConfiguration;
			buildSettings = {
				BUNDLE_LOADER = "$(TEST_HOST)";
				CODE_SIGN_STYLE = Automatic;
				CURRENT_PROJECT_VERSION = 1;
				DEVELOPMENT_TEAM = AW9Z462NX3;
				GENERATE_INFOPLIST_FILE = YES;
				IPHONEOS_DEPLOYMENT_TARGET = 26.0;
				MARKETING_VERSION = 1.1.0;
				PRODUCT_BUNDLE_IDENTIFIER = "dev.imflawlezz.purseful-iosTests";
				PRODUCT_NAME = "$(TARGET_NAME)";
				SWIFT_EMIT_LOC_STRINGS = NO;
				SWIFT_VERSION = 5.0;
				TARGETED_DEVICE_FAMILY = "1,2";
				TEST_HOST = "$(BUILT_PRODUCTS_DIR)/purseful-ios.app/$(BUNDLE_EXECUTABLE_FOLDER_PATH)/purseful-ios";
			};
			name = Release;
		};
/* End XCBuildConfiguration section */

/* Begin XCConfigurationList section */
		EC1D8E352FC38E1E00504DF9 /* Build configuration list for PBXProject "purseful-ios" */ = {
			isa = XCConfigurationList;
			buildConfigurations = (
				EC1D8E432FC38E2200504DF9 /* Debug */,
				EC1D8E442FC38E2200504DF9 /* Release */,
			);
			defaultConfigurationIsVisible = 0;
			defaultConfigurationName = Release;
		};
		EC1D8E452FC38E2200504DF9 /* Build configuration list for PBXNativeTarget "purseful-ios" */ = {
			isa = XCConfigurationList;
			buildConfigurations = (
				EC1D8E462FC38E2200504DF9 /* Debug */,
				EC1D8E472FC38E2200504DF9 /* Release */,
			);
			defaultConfigurationIsVisible = 0;
			defaultConfigurationName = Release;
		};
		EC2A10102FC3901000504DF9 /* Build configuration list for PBXNativeTarget "PursefulWidgets" */ = {
			isa = XCConfigurationList;
			buildConfigurations = (
				EC2A10152FC3901500504DF9 /* Debug */,
				EC2A10162FC3901600504DF9 /* Release */,
			);
			defaultConfigurationIsVisible = 0;
			defaultConfigurationName = Release;
		};
		EC2A10112FC3901100504DF9 /* Build configuration list for PBXNativeTarget "purseful-iosTests" */ = {
			isa = XCConfigurationList;
			buildConfigurations = (
				EC2A10172FC3901700504DF9 /* Debug */,
				EC2A10182FC3901800504DF9 /* Release */,
			);
			defaultConfigurationIsVisible = 0;
			defaultConfigurationName = Release;
		};
/* End XCConfigurationList section */
	};
	rootObject = EC1D8E322FC38E1E00504DF9 /* Project object */;
}
